// !$*UTF8*$!
{
	archiveVersion = 1;
	classes = {
	};
	objectVersion = 50;
	objects = {

/* Begin PBXBuildFile section */
		CE28F9FA2530D1D30060CE36 /* AppDelegate.swift in Sources */ = {isa = PBXBuildFile; fileRef = CE28F9F92530D1D30060CE36 /* AppDelegate.swift */; };
		CE28F9FC2530D1D30060CE36 /* SceneDelegate.swift in Sources */ = {isa = PBXBuildFile; fileRef = CE28F9FB2530D1D30060CE36 /* SceneDelegate.swift */; };
		CE28F9FE2530D1D30060CE36 /* ViewController.swift in Sources */ = {isa = PBXBuildFile; fileRef = CE28F9FD2530D1D30060CE36 /* ViewController.swift */; };
		CE28FA012530D1D30060CE36 /* Main.storyboard in Resources */ = {isa = PBXBuildFile; fileRef = CE28F9FF2530D1D30060CE36 /* Main.storyboard */; };
		CE28FA032530D1D60060CE36 /* Assets.xcassets in Resources */ = {isa = PBXBuildFile; fileRef = CE28FA022530D1D60060CE36 /* Assets.xcassets */; };
		CE28FA062530D1D60060CE36 /* LaunchScreen.storyboard in Resources */ = {isa = PBXBuildFile; fileRef = CE28FA042530D1D60060CE36 /* LaunchScreen.storyboard */; };
		CE28FA0E2530D2700060CE36 /* If_I_Had_a_Chicken.mp3 in Resources */ = {isa = PBXBuildFile; fileRef = CE28FA0D2530D2700060CE36 /* If_I_Had_a_Chicken.mp3 */; };
/* End PBXBuildFile section */

/* Begin PBXFileReference section */
		CE28F9F62530D1D30060CE36 /* MyAudio.app */ = {isa = PBXFileReference; explicitFileType = wrapper.application; includeInIndex = 0; path = MyAudio.app; sourceTree = BUILT_PRODUCTS_DIR; };
		CE28F9F92530D1D30060CE36 /* AppDelegate.swift */ = {isa = PBXFileReference; lastKnownFileType = sourcecode.swift; path = AppDelegate.swift; sourceTree = "<group>"; };
		CE28F9FB2530D1D30060CE36 /* SceneDelegate.swift */ = {isa = PBXFileReference; lastKnownFileType = sourcecode.swift; path = SceneDelegate.swift; sourceTree = "<group>"; };
		CE28F9FD2530D1D30060CE36 /* ViewController.swift */ = {isa = PBXFileReference; lastKnownFileType = sourcecode.swift; path = ViewController.swift; sourceTree = "<group>"; };
		CE28FA002530D1D30060CE36 /* Base */ = {isa = PBXFileReference; lastKnownFileType = file.storyboard; name = Base; path = Base.lproj/Main.storyboard; sourceTree = "<group>"; };
		CE28FA022530D1D60060CE36 /* Assets.xcassets */ = {isa = PBXFileReference; lastKnownFileType = folder.assetcatalog; path = Assets.xcassets; sourceTree = "<group>"; };
		CE28FA052530D1D60060CE36 /* Base */ = {isa = PBXFileReference; lastKnownFileType = file.storyboard; name = Base; path = Base.lproj/LaunchScreen.storyboard; sourceTree = "<group>"; };
		CE28FA072530D1D60060CE36 /* Info.plist */ = {isa = PBXFileReference; lastKnownFileType = text.plist.xml; path = Info.plist; sourceTree = "<group>"; };
		CE28FA0D2530D2700060CE36 /* If_I_Had_a_Chicken.mp3 */ = {isa = PBXFileReference; lastKnownFileType = audio.mp3; path = If_I_Had_a_Chicken.mp3; sourceTree = "<group>"; };
/* End PBXFileReference section */

/* Begin PBXFrameworksBuildPhase section */
		CE28F9F32530D1D30060CE36 /* Frameworks */ = {
			isa = PBXFrameworksBuildPhase;
			buildActionMask = 2147483647;
			files = (
			);
			runOnlyForDeploymentPostprocessing = 0;
		};
/* End PBXFrameworksBuildPhase section */

/* Begin PBXGroup section */
		CE28F9ED2530D1D30060CE36 = {
			isa = PBXGroup;
			children = (
				CE28F9F82530D1D30060CE36 /* MyAudio */,
				CE28F9F72530D1D30060CE36 /* Products */,
			);
			sourceTree = "<group>";
		};
		CE28F9F72530D1D30060CE36 /* Products */ = {
			isa = PBXGroup;
			children = (
				CE28F9F62530D1D30060CE36 /* MyAudio.app */,
			);
			name = Products;
			sourceTree = "<group>";
		};
		CE28F9F82530D1D30060CE36 /* MyAudio */ = {
			isa = PBXGroup;
			children = (
				CE28FA0D2530D2700060CE36 /* If_I_Had_a_Chicken.mp3 */,
				CE28F9F92530D1D30060CE36 /* AppDelegate.swift */,
				CE28F9FB2530D1D30060CE36 /* SceneDelegate.swift */,
				CE28F9FD2530D1D30060CE36 /* ViewController.swift */,
				CE28F9FF2530D1D30060CE36 /* Main.storyboard */,
				CE28FA022530D1D60060CE36 /* Assets.xcassets */,
				CE28FA042530D1D60060CE36 /* LaunchScreen.storyboard */,
				CE28FA072530D1D60060CE36 /* Info.plist */,
			);
			path = MyAudio;
			sourceTree = "<group>";
		};
/* End PBXGroup section */

/* Begin PBXNativeTarget section */
		CE28F9F52530D1D30060CE36 /* MyAudio */ = {
			isa = PBXNativeTarget;
			buildConfigurationList = CE28FA0A2530D1D60060CE36 /* Build configuration list for PBXNativeTarget "MyAudio" */;
			buildPhases = (
				CE28F9F22530D1D30060CE36 /* Sources */,
				CE28F9F32530D1D30060CE36 /* Frameworks */,
				CE28F9F42530D1D30060CE36 /* Resources */,
			);
			buildRules = (
			);
			dependencies = (
			);
			name = MyAudio;
			productName = MyAudio;
			productReference = CE28F9F62530D1D30060CE36 /* MyAudio.app */;
			productType = "com.apple.product-type.application";
		};
/* End PBXNativeTarget section */

/* Begin PBXProject section */
		CE28F9EE2530D1D30060CE36 /* Project object */ = {
			isa = PBXProject;
			attributes = {
				LastSwiftUpdateCheck = 1160;
				LastUpgradeCheck = 1160;
				ORGANIZATIONNAME = Doanh;
				TargetAttributes = {
					CE28F9F52530D1D30060CE36 = {
						CreatedOnToolsVersion = 11.6;
					};
				};
			};
			buildConfigurationList = CE28F9F12530D1D30060CE36 /* Build configuration list for PBXProject "MyAudio" */;
			compatibilityVersion = "Xcode 9.3";
			developmentRegion = en;
			hasScannedForEncodings = 0;
			knownRegions = (
				en,
				Base,
			);
			mainGroup = CE28F9ED2530D1D30060CE36;
			productRefGroup = CE28F9F72530D1D30060CE36 /* Products */;
			projectDirPath = "";
			projectRoot = "";
			targets = (
				CE28F9F52530D1D30060CE36 /* MyAudio */,
			);
		};
/* End PBXProject section */

/* Begin PBXResourcesBuildPhase section */
		CE28F9F42530D1D30060CE36 /* Resources */ = {
			isa = PBXResourcesBuildPhase;
			buildActionMask = 2147483647;
			files = (
				CE28FA062530D1D60060CE36 /* LaunchScreen.storyboard in Resources */,
				CE28FA032530D1D60060CE36 /* Assets.xcassets in Resources */,
				CE28FA012530D1D30060CE36 /* Main.storyboard in Resources */,
				CE28FA0E2530D2700060CE36 /* If_I_Had_a_Chicken.mp3 in Resources */,
			);
			runOnlyForDeploymentPostprocessing = 0;
		};
/* End PBXResourcesBuildPhase section */

/* Begin PBXSourcesBuildPhase section */
		CE28F9F22530D1D30060CE36 /* Sources */ = {
			isa = PBXSourcesBuildPhase;
			buildActionMask = 2147483647;
			files = (
				CE28F9FE2530D1D30060CE36 /* ViewController.swift in Sources */,
				CE28F9FA2530D1D30060CE36 /* AppDelegate.swift in Sources */,
				CE28F9FC2530D1D30060CE36 /* SceneDelegate.swift in Sources */,
			);
			runOnlyForDeploymentPostprocessing = 0;
		};
/* End PBXSourcesBuildPhase section */

/* Begin PBXVariantGroup section */
		CE28F9FF2530D1D30060CE36 /* Main.storyboard */ = {
			isa = PBXVariantGroup;
			children = (
				CE28FA002530D1D30060CE36 /* Base */,
			);
			name = Main.storyboard;
			sourceTree = "<group>";
		};
		CE28FA042530D1D60060CE36 /* LaunchScreen.storyboard */ = {
			isa = PBXVariantGroup;
			children = (
				CE28FA052530D1D60060CE36 /* Base */,
			);
			name = LaunchScreen.storyboard;
			sourceTree = "<group>";
		};
/* End PBXVariantGroup section */

/* Begin XCBuildConfiguration section */
		CE28FA082530D1D60060CE36 /* Debug */ = {
			isa = XCBuildConfiguration;
			buildSettings = {
				ALWAYS_SEARCH_USER_PATHS = NO;
				CLANG_ANALYZER_NONNULL = YES;
				CLANG_ANALYZER_NUMBER_OBJECT_CONVERSION = YES_AGGRESSIVE;
				CLANG_CXX_LANGUAGE_STANDARD = "gnu++14";
				CLANG_CXX_LIBRARY = "libc++";
				CLANG_ENABLE_MODULES = YES;
				CLANG_ENABLE_OBJC_ARC = YES;
				CLANG_ENABLE_OBJC_WEAK = YES;
				CLANG_WARN_BLOCK_CAPTURE_AUTORELEASING = YES;
				CLANG_WARN_BOOL_CONVERSION = YES;
				CLANG_WARN_COMMA = YES;
				CLANG_WARN_CONSTANT_CONVERSION = YES;
				CLANG_WARN_DEPRECATED_OBJC_IMPLEMENTATIONS = YES;
				CLANG_WARN_DIRECT_OBJC_ISA_USAGE = YES_ERROR;
				CLANG_WARN_DOCUMENTATION_COMMENTS = YES;
				CLANG_WARN_EMPTY_BODY = YES;
				CLANG_WARN_ENUM_CONVERSION = YES;
				CLANG_WARN_INFINITE_RECURSION = YES;
				CLANG_WARN_INT_CONVERSION = YES;
				CLANG_WARN_NON_LITERAL_NULL_CONVERSION = YES;
				CLANG_WARN_OBJC_IMPLICIT_RETAIN_SELF = YES;
				CLANG_WARN_OBJC_LITERAL_CONVERSION = YES;
				CLANG_WARN_OBJC_ROOT_CLASS = YES_ERROR;
				CLANG_WARN_RANGE_LOOP_ANALYSIS = YES;
				CLANG_WARN_STRICT_PROTOTYPES = YES;
				CLANG_WARN_SUSPICIOUS_MOVE = YES;
				CLANG_WARN_UNGUARDED_AVAILABILITY = YES_AGGRESSIVE;
				CLANG_WARN_UNREACHABLE_CODE = YES;
				CLANG_WARN__DUPLICATE_METHOD_MATCH = YES;
				COPY_PHASE_STRIP = NO;
				DEBUG_INFORMATION_FORMAT = dwarf;
				ENABLE_STRICT_OBJC_MSGSEND = YES;
				ENABLE_TESTABILITY = YES;
				GCC_C_LANGUAGE_STANDARD = gnu11;
				GCC_DYNAMIC_NO_PIC = NO;
				GCC_NO_COMMON_BLOCKS = YES;
				GCC_OPTIMIZATION_LEVEL = 0;
				GCC_PREPROCESSOR_DEFINITIONS = (
					"DEBUG=1",
					"$(inherited)",
				);
				GCC_WARN_64_TO_32_BIT_CONVERSION = YES;
				GCC_WARN_ABOUT_RETURN_TYPE = YES_ERROR;
				GCC_WARN_UNDECLARED_SELECTOR = YES;
				GCC_WARN_UNINITIALIZED_AUTOS = YES_AGGRESSIVE;
				GCC_WARN_UNUSED_FUNCTION = YES;
				GCC_WARN_UNUSED_VARIABLE = YES;
				IPHONEOS_DEPLOYMENT_TARGET = 13.6;
				MTL_ENABLE_DEBUG_INFO = INCLUDE_SOURCE;
				MTL_FAST_MATH = YES;
				ONLY_ACTIVE_ARCH = YES;
				SDKROOT = iphoneos;
				SWIFT_ACTIVE_COMPILATION_CONDITIONS = DEBUG;
				SWIFT_OPTIMIZATION_LEVEL = "-Onone";
			};
			name = Debug;
		};
		CE28FA092530D1D60060CE36 /* Release */ = {
			isa = XCBuildConfiguration;
			buildSettings = {
				ALWAYS_SEARCH_USER_PATHS = NO;
				CLANG_ANALYZER_NONNULL = YES;
				CLANG_ANALYZER_NUMBER_OBJECT_CONVERSION = YES_AGGRESSIVE;
				CLANG_CXX_LANGUAGE_STANDARD = "gnu++14";
				CLANG_CXX_LIBRARY = "libc++";
				CLANG_ENABLE_MODULES = YES;
				CLANG_ENABLE_OBJC_ARC = YES;
				CLANG_ENABLE_OBJC_WEAK = YES;
				CLANG_WARN_BLOCK_CAPTURE_AUTORELEASING = YES;
				CLANG_WARN_BOOL_CONVERSION = YES;
				CLANG_WARN_COMMA = YES;
				CLANG_WARN_CONSTANT_CONVERSION = YES;
				CLANG_WARN_DEPRECATED_OBJC_IMPLEMENTATIONS = YES;
				CLANG_WARN_DIRECT_OBJC_ISA_USAGE = YES_ERROR;
				CLANG_WARN_DOCUMENTATION_COMMENTS = YES;
				CLANG_WARN_EMPTY_BODY = YES;
				CLANG_WARN_ENUM_CONVERSION = YES;
				CLANG_WARN_INFINITE_RECURSION = YES;
				CLANG_WARN_INT_CONVERSION = YES;
				CLANG_WARN_NON_LITERAL_NULL_CONVERSION = YES;
				CLANG_WARN_OBJC_IMPLICIT_RETAIN_SELF = YES;
				CLANG_WARN_OBJC_LITERAL_CONVERSION = YES;
				CLANG_WARN_OBJC_ROOT_CLASS = YES_ERROR;
				CLANG_WARN_RANGE_LOOP_ANALYSIS = YES;
				CLANG_WARN_STRICT_PROTOTYPES = YES;
				CLANG_WARN_SUSPICIOUS_MOVE = YES;
				CLANG_WARN_UNGUARDED_AVAILABILITY = YES_AGGRESSIVE;
				CLANG_WARN_UNREACHABLE_CODE = YES;
				CLANG_WARN__DUPLICATE_METHOD_MATCH = YES;
				COPY_PHASE_STRIP = NO;
				DEBUG_INFORMATION_FORMAT = "dwarf-with-dsym";
				ENABLE_NS_ASSERTIONS = NO;
				ENABLE_STRICT_OBJC_MSGSEND = YES;
				GCC_C_LANGUAGE_STANDARD = gnu11;
				GCC_NO_COMMON_BLOCKS = YES;
				GCC_WARN_64_TO_32_BIT_CONVERSION = YES;
				GCC_WARN_ABOUT_RETURN_TYPE = YES_ERROR;
				GCC_WARN_UNDECLARED_SELECTOR = YES;
				GCC_WARN_UNINITIALIZED_AUTOS = YES_AGGRESSIVE;
				GCC_WARN_UNUSED_FUNCTION = YES;
				GCC_WARN_UNUSED_VARIABLE = YES;
				IPHONEOS_DEPLOYMENT_TARGET = 13.6;
				MTL_ENABLE_DEBUG_INFO = NO;
				MTL_FAST_MATH = YES;
				SDKROOT = iphoneos;
				SWIFT_COMPILATION_MODE = wholemodule;
				SWIFT_OPTIMIZATION_LEVEL = "-O";
				VALIDATE_PRODUCT = YES;
			};
			name = Release;
		};
		CE28FA0B2530D1D60060CE36 /* Debug */ = {
			isa = XCBuildConfiguration;
			buildSettings = {
				ASSETCATALOG_COMPILER_APPICON_NAME = AppIcon;
				CODE_SIGN_STYLE = Automatic;
				INFOPLIST_FILE = MyAudio/Info.plist;
				LD_RUNPATH_SEARCH_PATHS = (
					"$(inherited)",
					"@executable_path/Frameworks",
				);
				PRODUCT_BUNDLE_IDENTIFIER = com.Doanh.MyAudio;
				PRODUCT_NAME = "$(TARGET_NAME)";
				SWIFT_VERSION = 5.0;
				TARGETED_DEVICE_FAMILY = "1,2";
			};
			name = Debug;
		};
		CE28FA0C2530D1D60060CE36 /* Release */ = {
			isa = XCBuildConfiguration;
			buildSettings = {
				ASSETCATALOG_COMPILER_APPICON_NAME = AppIcon;
				CODE_SIGN_STYLE = Automatic;
				INFOPLIST_FILE = MyAudio/Info.plist;
				LD_RUNPATH_SEARCH_PATHS = (
					"$(inherited)",
					"@executable_path/Frameworks",
				);
				PRODUCT_BUNDLE_IDENTIFIER = com.Doanh.MyAudio;
				PRODUCT_NAME = "$(TARGET_NAME)";
				SWIFT_VERSION = 5.0;
				TARGETED_DEVICE_FAMILY = "1,2";
			};
			name = Release;
		};
/* End XCBuildConfiguration section */

/* Begin XCConfigurationList section */
		CE28F9F12530D1D30060CE36 /* Build configuration list for PBXProject "MyAudio" */ = {
			isa = XCConfigurationList;
			buildConfigurations = (
				CE28FA082530D1D60060CE36 /* Debug */,
				CE28FA092530D1D60060CE36 /* Release */,
			);
			defaultConfigurationIsVisible = 0;
			defaultConfigurationName = Release;
		};
		CE28FA0A2530D1D60060CE36 /* Build configuration list for PBXNativeTarget "MyAudio" */ = {
			isa = XCConfigurationList;
			buildConfigurations = (
				CE28FA0B2530D1D60060CE36 /* Debug */,
				CE28FA0C2530D1D60060CE36 /* Release */,
			);
			defaultConfigurationIsVisible = 0;
			defaultConfigurationName = Release;
		};
/* End XCConfigurationList section */
	};
	rootObject = CE28F9EE2530D1D30060CE36 /* Project object */;
}
