PODS:
  - Realm (10.1.1):
    - Realm/Headers (= 10.1.1)
  - Realm/Headers (10.1.1)
  - RealmSwift (10.1.1):
    - Realm (= 10.1.1)

DEPENDENCIES:
  - RealmSwift

SPEC REPOS:
  trunk:
    - Realm
    - RealmSwift

SPEC CHECKSUMS:
  Realm: 784ca1da1453e31a9c9adc14445421a81f316119
  RealmSwift: cc52fe0dcea56387274dff36e19219e055a3bb84

PODFILE CHECKSUM: 6a4df6c9fdd6ec0da122d6dd5595b068061f7550

COCOAPODS: 1.10.0
